{"format_version":"1.2","terraform_version":"1.6.2","planned_values":{"root_module":{"resources":[{"address":"aws_s3_account_public_access_block.standard","mode":"managed","type":"aws_s3_account_public_access_block","name":"standard","provider_name":"registry.terraform.io/hashicorp/aws","schema_version":0,"values":{"block_public_acls":true,"block_public_policy":true,"ignore_public_acls":true,"restrict_public_buckets":false},"sensitive_values":{}},{"address":"aws_s3_bucket.test","mode":"managed","type":"aws_s3_bucket","name":"test","provider_name":"registry.terraform.io/hashicorp/aws","schema_version":0,"values":{"acl":"private","bucket":"435257025969-test-bucket","bucket_prefix":null,"cors_rule":[],"force_destroy":false,"grant":[],"lifecycle_rule":[],"logging":[],"policy":null,"replication_configuration":[],"tags":{"apm_id":"007","dept":"secret_service","environment":"research"},"tags_all":{"apm_id":"007","dept":"secret_service","environment":"research"},"website":[]},"sensitive_values":{"cors_rule":[],"grant":[],"lifecycle_rule":[],"logging":[],"object_lock_configuration":[],"replication_configuration":[],"server_side_encryption_configuration":[],"tags":{},"tags_all":{},"versioning":[],"website":[]}},{"address":"aws_secretsmanager_secret.example","mode":"managed","type":"aws_secretsmanager_secret","name":"example","provider_name":"registry.terraform.io/hashicorp/aws","schema_version":0,"values":{"description":null,"force_overwrite_replica_secret":false,"kms_key_id":null,"name":"example","recovery_window_in_days":30,"tags":null},"sensitive_values":{"replica":[],"rotation_rules":[],"tags_all":{}}},{"address":"aws_secretsmanager_secret_version.first","mode":"managed","type":"aws_secretsmanager_secret_version","name":"first","provider_name":"registry.terraform.io/hashicorp/aws","schema_version":0,"values":{"secret_binary":null,"secret_string":"sUp3rs3cr3t"},"sensitive_values":{"version_stages":[]}},{"address":"data.aws_secretsmanager_secret_version.second","mode":"data","type":"aws_secretsmanager_secret_version","name":"second","provider_name":"registry.terraform.io/hashicorp/aws","schema_version":0,"values":{"version_stage":null},"sensitive_values":{"version_stages":[]}},{"address":"null_resource.debug","mode":"managed","type":"null_resource","name":"debug","provider_name":"registry.terraform.io/hashicorp/null","schema_version":0,"values":{"triggers":{}},"sensitive_values":{"triggers":{}}}]}},"resource_changes":[{"address":"data.aws_secretsmanager_secret_version.second","mode":"data","type":"aws_secretsmanager_secret_version","name":"second","provider_name":"registry.terraform.io/hashicorp/aws","change":{"actions":["read"],"before":null,"after":{"version_stage":null},"after_unknown":{"arn":true,"id":true,"secret_binary":true,"secret_id":true,"secret_string":true,"version_id":true,"version_stages":true},"before_sensitive":false,"after_sensitive":{"secret_binary":true,"secret_string":true,"version_stages":[]}},"action_reason":"read_because_config_unknown"},{"address":"aws_s3_account_public_access_block.standard","mode":"managed","type":"aws_s3_account_public_access_block","name":"standard","provider_name":"registry.terraform.io/hashicorp/aws","change":{"actions":["create"],"before":null,"after":{"block_public_acls":true,"block_public_policy":true,"ignore_public_acls":true,"restrict_public_buckets":false},"after_unknown":{"account_id":true,"id":true},"before_sensitive":false,"after_sensitive":{}}},{"address":"aws_s3_bucket.test","mode":"managed","type":"aws_s3_bucket","name":"test","provider_name":"registry.terraform.io/hashicorp/aws","change":{"actions":["create"],"before":null,"after":{"acl":"private","bucket":"435257025969-test-bucket","bucket_prefix":null,"cors_rule":[],"force_destroy":false,"grant":[],"lifecycle_rule":[],"logging":[],"policy":null,"replication_configuration":[],"tags":{"apm_id":"007","dept":"secret_service","environment":"research"},"tags_all":{"apm_id":"007","dept":"secret_service","environment":"research"},"website":[]},"after_unknown":{"acceleration_status":true,"arn":true,"bucket_domain_name":true,"bucket_regional_domain_name":true,"cors_rule":[],"grant":[],"hosted_zone_id":true,"id":true,"lifecycle_rule":[],"logging":[],"object_lock_configuration":true,"object_lock_enabled":true,"region":true,"replication_configuration":[],"request_payer":true,"server_side_encryption_configuration":true,"tags":{},"tags_all":{},"versioning":true,"website":[],"website_domain":true,"website_endpoint":true},"before_sensitive":false,"after_sensitive":{"cors_rule":[],"grant":[],"lifecycle_rule":[],"logging":[],"object_lock_configuration":[],"replication_configuration":[],"server_side_encryption_configuration":[],"tags":{},"tags_all":{},"versioning":[],"website":[]}}},{"address":"aws_secretsmanager_secret.example","mode":"managed","type":"aws_secretsmanager_secret","name":"example","provider_name":"registry.terraform.io/hashicorp/aws","change":{"actions":["create"],"before":null,"after":{"description":null,"force_overwrite_replica_secret":false,"kms_key_id":null,"name":"example","recovery_window_in_days":30,"tags":null},"after_unknown":{"arn":true,"id":true,"name_prefix":true,"policy":true,"replica":true,"rotation_enabled":true,"rotation_lambda_arn":true,"rotation_rules":true,"tags_all":true},"before_sensitive":false,"after_sensitive":{"replica":[],"rotation_rules":[],"tags_all":{}}}},{"address":"aws_secretsmanager_secret_version.first","mode":"managed","type":"aws_secretsmanager_secret_version","name":"first","provider_name":"registry.terraform.io/hashicorp/aws","change":{"actions":["create"],"before":null,"after":{"secret_binary":null,"secret_string":"sUp3rs3cr3t"},"after_unknown":{"arn":true,"id":true,"secret_id":true,"version_id":true,"version_stages":true},"before_sensitive":false,"after_sensitive":{"secret_binary":true,"secret_string":true,"version_stages":[]}}},{"address":"null_resource.debug","mode":"managed","type":"null_resource","name":"debug","provider_name":"registry.terraform.io/hashicorp/null","change":{"actions":["create"],"before":null,"after":{"triggers":{}},"after_unknown":{"id":true,"triggers":{"test":true}},"before_sensitive":false,"after_sensitive":{"triggers":{}}}}],"configuration":{"provider_config":{"aws":{"name":"aws","full_name":"registry.terraform.io/hashicorp/aws","version_constraint":"~\u003e 3.0","expressions":{"region":{"constant_value":"us-east-1"}}},"null":{"name":"null","full_name":"registry.terraform.io/hashicorp/null"}},"root_module":{"resources":[{"address":"aws_s3_account_public_access_block.standard","mode":"managed","type":"aws_s3_account_public_access_block","name":"standard","provider_config_key":"aws","expressions":{"block_public_acls":{"constant_value":true},"block_public_policy":{"constant_value":true},"ignore_public_acls":{"constant_value":true}},"schema_version":0},{"address":"aws_s3_bucket.test","mode":"managed","type":"aws_s3_bucket","name":"test","provider_config_key":"aws","expressions":{"bucket":{"constant_value":"435257025969-test-bucket"},"tags":{"constant_value":{"apm_id":"007","dept":"secret_service","environment":"research"}}},"schema_version":0},{"address":"aws_secretsmanager_secret.example","mode":"managed","type":"aws_secretsmanager_secret","name":"example","provider_config_key":"aws","expressions":{"name":{"constant_value":"example"}},"schema_version":0},{"address":"aws_secretsmanager_secret_version.first","mode":"managed","type":"aws_secretsmanager_secret_version","name":"first","provider_config_key":"aws","expressions":{"secret_id":{"references":["aws_secretsmanager_secret.example.id","aws_secretsmanager_secret.example"]},"secret_string":{"constant_value":"sUp3rs3cr3t"}},"schema_version":0},{"address":"null_resource.debug","mode":"managed","type":"null_resource","name":"debug","provider_config_key":"null","expressions":{"triggers":{"references":["aws_s3_account_public_access_block.standard.id","aws_s3_account_public_access_block.standard"]}},"schema_version":0},{"address":"data.aws_secretsmanager_secret_version.second","mode":"data","type":"aws_secretsmanager_secret_version","name":"second","provider_config_key":"aws","expressions":{"secret_id":{"references":["aws_secretsmanager_secret.example.id","aws_secretsmanager_secret.example"]}},"schema_version":0}]}},"relevant_attributes":[{"resource":"aws_secretsmanager_secret.example","attribute":["id"]},{"resource":"aws_s3_account_public_access_block.standard","attribute":["id"]}],"timestamp":"2024-03-14T15:26:23Z","errored":false}
